// !$*UTF8*$!
{
	archiveVersion = 1;
	classes = {
	};
	objectVersion = 46;
	objects = {

/* Begin PBXBuildFile section */
		897B8CBC3DAED1BD71FCE703 /* Pods.framework in Frameworks */ = {isa = PBXBuildFile; fileRef = 665637AB6CB6B5FBCCA3D458 /* Pods.framework */; settings = {ATTRIBUTES = (Weak, ); }; };
		9FAF5EAA1B981EC500E762E4 /* AppDelegate.swift in Sources */ = {isa = PBXBuildFile; fileRef = 9FAF5EA91B981EC500E762E4 /* AppDelegate.swift */; };
		9FAF5EAC1B981EC500E762E4 /* ShopListViewController.swift in Sources */ = {isa = PBXBuildFile; fileRef = 9FAF5EAB1B981EC500E762E4 /* ShopListViewController.swift */; };
		9FAF5EAF1B981EC500E762E4 /* Main.storyboard in Resources */ = {isa = PBXBuildFile; fileRef = 9FAF5EAD1B981EC500E762E4 /* Main.storyboard */; };
		9FAF5EB11B981EC500E762E4 /* Images.xcassets in Resources */ = {isa = PBXBuildFile; fileRef = 9FAF5EB01B981EC500E762E4 /* Images.xcassets */; };
		9FAF5EB41B981EC500E762E4 /* LaunchScreen.xib in Resources */ = {isa = PBXBuildFile; fileRef = 9FAF5EB21B981EC500E762E4 /* LaunchScreen.xib */; };
		9FAF5EC01B981EC500E762E4 /* GourmetSearchTests.swift in Sources */ = {isa = PBXBuildFile; fileRef = 9FAF5EBF1B981EC500E762E4 /* GourmetSearchTests.swift */; };
/* End PBXBuildFile section */

/* Begin PBXContainerItemProxy section */
		9FAF5EBA1B981EC500E762E4 /* PBXContainerItemProxy */ = {
			isa = PBXContainerItemProxy;
			containerPortal = 9FAF5E9C1B981EC500E762E4 /* Project object */;
			proxyType = 1;
			remoteGlobalIDString = 9FAF5EA31B981EC500E762E4;
			remoteInfo = GourmetSearch;
		};
/* End PBXContainerItemProxy section */

/* Begin PBXFileReference section */
		0CA31EB82FB21F268B48A5EC /* Pods.debug.xcconfig */ = {isa = PBXFileReference; includeInIndex = 1; lastKnownFileType = text.xcconfig; name = Pods.debug.xcconfig; path = "Pods/Target Support Files/Pods/Pods.debug.xcconfig"; sourceTree = "<group>"; };
		665637AB6CB6B5FBCCA3D458 /* Pods.framework */ = {isa = PBXFileReference; explicitFileType = wrapper.framework; includeInIndex = 0; path = Pods.framework; sourceTree = BUILT_PRODUCTS_DIR; };
		9FAF5EA41B981EC500E762E4 /* GourmetSearch.app */ = {isa = PBXFileReference; explicitFileType = wrapper.application; includeInIndex = 0; path = GourmetSearch.app; sourceTree = BUILT_PRODUCTS_DIR; };
		9FAF5EA81B981EC500E762E4 /* Info.plist */ = {isa = PBXFileReference; lastKnownFileType = text.plist.xml; path = Info.plist; sourceTree = "<group>"; };
		9FAF5EA91B981EC500E762E4 /* AppDelegate.swift */ = {isa = PBXFileReference; lastKnownFileType = sourcecode.swift; path = AppDelegate.swift; sourceTree = "<group>"; };
		9FAF5EAB1B981EC500E762E4 /* ShopListViewController.swift */ = {isa = PBXFileReference; lastKnownFileType = sourcecode.swift; path = ShopListViewController.swift; sourceTree = "<group>"; };
		9FAF5EAE1B981EC500E762E4 /* Base */ = {isa = PBXFileReference; lastKnownFileType = file.storyboard; name = Base; path = Base.lproj/Main.storyboard; sourceTree = "<group>"; };
		9FAF5EB01B981EC500E762E4 /* Images.xcassets */ = {isa = PBXFileReference; lastKnownFileType = folder.assetcatalog; path = Images.xcassets; sourceTree = "<group>"; };
		9FAF5EB31B981EC500E762E4 /* Base */ = {isa = PBXFileReference; lastKnownFileType = file.xib; name = Base; path = Base.lproj/LaunchScreen.xib; sourceTree = "<group>"; };
		9FAF5EB91B981EC500E762E4 /* GourmetSearchTests.xctest */ = {isa = PBXFileReference; explicitFileType = wrapper.cfbundle; includeInIndex = 0; path = GourmetSearchTests.xctest; sourceTree = BUILT_PRODUCTS_DIR; };
		9FAF5EBE1B981EC500E762E4 /* Info.plist */ = {isa = PBXFileReference; lastKnownFileType = text.plist.xml; path = Info.plist; sourceTree = "<group>"; };
		9FAF5EBF1B981EC500E762E4 /* GourmetSearchTests.swift */ = {isa = PBXFileReference; lastKnownFileType = sourcecode.swift; path = GourmetSearchTests.swift; sourceTree = "<group>"; };
		9FAF5EC91B9824D600E762E4 /* GourmetSearch-Bridging-Header.h */ = {isa = PBXFileReference; lastKnownFileType = sourcecode.c.h; path = "GourmetSearch-Bridging-Header.h"; sourceTree = "<group>"; };
		9FAF5ECA1B9824D600E762E4 /* GourmetSearchTests-Bridging-Header.h */ = {isa = PBXFileReference; lastKnownFileType = sourcecode.c.h; path = "GourmetSearchTests-Bridging-Header.h"; sourceTree = "<group>"; };
		9FAF5ED11B9825A100E762E4 /* ja */ = {isa = PBXFileReference; lastKnownFileType = text.plist.strings; name = ja; path = ja.lproj/LaunchScreen.strings; sourceTree = "<group>"; };
		AA529CB74D2EE7799E073180 /* Pods.release.xcconfig */ = {isa = PBXFileReference; includeInIndex = 1; lastKnownFileType = text.xcconfig; name = Pods.release.xcconfig; path = "Pods/Target Support Files/Pods/Pods.release.xcconfig"; sourceTree = "<group>"; };
/* End PBXFileReference section */

/* Begin PBXFrameworksBuildPhase section */
		9FAF5EA11B981EC500E762E4 /* Frameworks */ = {
			isa = PBXFrameworksBuildPhase;
			buildActionMask = 2147483647;
			files = (
				897B8CBC3DAED1BD71FCE703 /* Pods.framework in Frameworks */,
			);
			runOnlyForDeploymentPostprocessing = 0;
		};
		9FAF5EB61B981EC500E762E4 /* Frameworks */ = {
			isa = PBXFrameworksBuildPhase;
			buildActionMask = 2147483647;
			files = (
			);
			runOnlyForDeploymentPostprocessing = 0;
		};
/* End PBXFrameworksBuildPhase section */

/* Begin PBXGroup section */
		7BE43EB71B2CAD546A23DA40 /* Pods */ = {
			isa = PBXGroup;
			children = (
				0CA31EB82FB21F268B48A5EC /* Pods.debug.xcconfig */,
				AA529CB74D2EE7799E073180 /* Pods.release.xcconfig */,
			);
			name = Pods;
			sourceTree = "<group>";
		};
		9FAF5E9B1B981EC500E762E4 = {
			isa = PBXGroup;
			children = (
				9FAF5EA61B981EC500E762E4 /* GourmetSearch */,
				9FAF5EBC1B981EC500E762E4 /* GourmetSearchTests */,
				9FAF5EA51B981EC500E762E4 /* Products */,
				7BE43EB71B2CAD546A23DA40 /* Pods */,
				AD550B3FCE1B1DDB0A8CED10 /* Frameworks */,
				9FAF5EC91B9824D600E762E4 /* GourmetSearch-Bridging-Header.h */,
				9FAF5ECA1B9824D600E762E4 /* GourmetSearchTests-Bridging-Header.h */,
			);
			sourceTree = "<group>";
		};
		9FAF5EA51B981EC500E762E4 /* Products */ = {
			isa = PBXGroup;
			children = (
				9FAF5EA41B981EC500E762E4 /* GourmetSearch.app */,
				9FAF5EB91B981EC500E762E4 /* GourmetSearchTests.xctest */,
			);
			name = Products;
			sourceTree = "<group>";
		};
		9FAF5EA61B981EC500E762E4 /* GourmetSearch */ = {
			isa = PBXGroup;
			children = (
				9FAF5EA91B981EC500E762E4 /* AppDelegate.swift */,
				9FAF5EAB1B981EC500E762E4 /* ShopListViewController.swift */,
				9FAF5EAD1B981EC500E762E4 /* Main.storyboard */,
				9FAF5EB01B981EC500E762E4 /* Images.xcassets */,
				9FAF5EB21B981EC500E762E4 /* LaunchScreen.xib */,
				9FAF5EA71B981EC500E762E4 /* Supporting Files */,
			);
			path = GourmetSearch;
			sourceTree = "<group>";
		};
		9FAF5EA71B981EC500E762E4 /* Supporting Files */ = {
			isa = PBXGroup;
			children = (
				9FAF5EA81B981EC500E762E4 /* Info.plist */,
			);
			name = "Supporting Files";
			sourceTree = "<group>";
		};
		9FAF5EBC1B981EC500E762E4 /* GourmetSearchTests */ = {
			isa = PBXGroup;
			children = (
				9FAF5EBF1B981EC500E762E4 /* GourmetSearchTests.swift */,
				9FAF5EBD1B981EC500E762E4 /* Supporting Files */,
			);
			path = GourmetSearchTests;
			sourceTree = "<group>";
		};
		9FAF5EBD1B981EC500E762E4 /* Supporting Files */ = {
			isa = PBXGroup;
			children = (
				9FAF5EBE1B981EC500E762E4 /* Info.plist */,
			);
			name = "Supporting Files";
			sourceTree = "<group>";
		};
		AD550B3FCE1B1DDB0A8CED10 /* Frameworks */ = {
			isa = PBXGroup;
			children = (
				665637AB6CB6B5FBCCA3D458 /* Pods.framework */,
			);
			name = Frameworks;
			sourceTree = "<group>";
		};
/* End PBXGroup section */

/* Begin PBXNativeTarget section */
		9FAF5EA31B981EC500E762E4 /* GourmetSearch */ = {
			isa = PBXNativeTarget;
			buildConfigurationList = 9FAF5EC31B981EC500E762E4 /* Build configuration list for PBXNativeTarget "GourmetSearch" */;
			buildPhases = (
				4E767D606C15C1A5CF7A38C1 /* Check Pods Manifest.lock */,
				9FAF5EA01B981EC500E762E4 /* Sources */,
				9FAF5EA11B981EC500E762E4 /* Frameworks */,
				9FAF5EA21B981EC500E762E4 /* Resources */,
				CEA1A5FF4AE9207108111B98 /* Embed Pods Frameworks */,
				1A1F34B3702A468A28F92283 /* Copy Pods Resources */,
			);
			buildRules = (
			);
			dependencies = (
			);
			name = GourmetSearch;
			productName = GourmetSearch;
			productReference = 9FAF5EA41B981EC500E762E4 /* GourmetSearch.app */;
			productType = "com.apple.product-type.application";
		};
		9FAF5EB81B981EC500E762E4 /* GourmetSearchTests */ = {
			isa = PBXNativeTarget;
			buildConfigurationList = 9FAF5EC61B981EC500E762E4 /* Build configuration list for PBXNativeTarget "GourmetSearchTests" */;
			buildPhases = (
				9FAF5EB51B981EC500E762E4 /* Sources */,
				9FAF5EB61B981EC500E762E4 /* Frameworks */,
				9FAF5EB71B981EC500E762E4 /* Resources */,
			);
			buildRules = (
			);
			dependencies = (
				9FAF5EBB1B981EC500E762E4 /* PBXTargetDependency */,
			);
			name = GourmetSearchTests;
			productName = GourmetSearchTests;
			productReference = 9FAF5EB91B981EC500E762E4 /* GourmetSearchTests.xctest */;
			productType = "com.apple.product-type.bundle.unit-test";
		};
/* End PBXNativeTarget section */

/* Begin PBXProject section */
		9FAF5E9C1B981EC500E762E4 /* Project object */ = {
			isa = PBXProject;
			attributes = {
				LastUpgradeCheck = 0640;
				ORGANIZATIONNAME = cosmocity;
				TargetAttributes = {
					9FAF5EA31B981EC500E762E4 = {
						CreatedOnToolsVersion = 6.4;
					};
					9FAF5EB81B981EC500E762E4 = {
						CreatedOnToolsVersion = 6.4;
						TestTargetID = 9FAF5EA31B981EC500E762E4;
					};
				};
			};
			buildConfigurationList = 9FAF5E9F1B981EC500E762E4 /* Build configuration list for PBXProject "GourmetSearch" */;
			compatibilityVersion = "Xcode 3.2";
			developmentRegion = English;
			hasScannedForEncodings = 0;
			knownRegions = (
				Base,
			);
			mainGroup = 9FAF5E9B1B981EC500E762E4;
			productRefGroup = 9FAF5EA51B981EC500E762E4 /* Products */;
			projectDirPath = "";
			projectRoot = "";
			targets = (
				9FAF5EA31B981EC500E762E4 /* GourmetSearch */,
				9FAF5EB81B981EC500E762E4 /* GourmetSearchTests */,
			);
		};
/* End PBXProject section */

/* Begin PBXResourcesBuildPhase section */
		9FAF5EA21B981EC500E762E4 /* Resources */ = {
			isa = PBXResourcesBuildPhase;
			buildActionMask = 2147483647;
			files = (
				9FAF5EAF1B981EC500E762E4 /* Main.storyboard in Resources */,
				9FAF5EB41B981EC500E762E4 /* LaunchScreen.xib in Resources */,
				9FAF5EB11B981EC500E762E4 /* Images.xcassets in Resources */,
			);
			runOnlyForDeploymentPostprocessing = 0;
		};
		9FAF5EB71B981EC500E762E4 /* Resources */ = {
			isa = PBXResourcesBuildPhase;
			buildActionMask = 2147483647;
			files = (
			);
			runOnlyForDeploymentPostprocessing = 0;
		};
/* End PBXResourcesBuildPhase section */

/* Begin PBXShellScriptBuildPhase section */
		1A1F34B3702A468A28F92283 /* Copy Pods Resources */ = {
			isa = PBXShellScriptBuildPhase;
			buildActionMask = 2147483647;
			files = (
			);
			inputPaths = (
			);
			name = "Copy Pods Resources";
			outputPaths = (
			);
			runOnlyForDeploymentPostprocessing = 0;
			shellPath = /bin/sh;
			shellScript = "\"${SRCROOT}/Pods/Target Support Files/Pods/Pods-resources.sh\"\n";
			showEnvVarsInLog = 0;
		};
		4E767D606C15C1A5CF7A38C1 /* Check Pods Manifest.lock */ = {
			isa = PBXShellScriptBuildPhase;
			buildActionMask = 2147483647;
			files = (
			);
			inputPaths = (
			);
			name = "Check Pods Manifest.lock";
			outputPaths = (
			);
			runOnlyForDeploymentPostprocessing = 0;
			shellPath = /bin/sh;
			shellScript = "diff \"${PODS_ROOT}/../Podfile.lock\" \"${PODS_ROOT}/Manifest.lock\" > /dev/null\nif [[ $? != 0 ]] ; then\n    cat << EOM\nerror: The sandbox is not in sync with the Podfile.lock. Run 'pod install' or update your CocoaPods installation.\nEOM\n    exit 1\nfi\n";
			showEnvVarsInLog = 0;
		};
		CEA1A5FF4AE9207108111B98 /* Embed Pods Frameworks */ = {
			isa = PBXShellScriptBuildPhase;
			buildActionMask = 2147483647;
			files = (
			);
			inputPaths = (
			);
			name = "Embed Pods Frameworks";
			outputPaths = (
			);
			runOnlyForDeploymentPostprocessing = 0;
			shellPath = /bin/sh;
			shellScript = "\"${SRCROOT}/Pods/Target Support Files/Pods/Pods-frameworks.sh\"\n";
			showEnvVarsInLog = 0;
		};
/* End PBXShellScriptBuildPhase section */

/* Begin PBXSourcesBuildPhase section */
		9FAF5EA01B981EC500E762E4 /* Sources */ = {
			isa = PBXSourcesBuildPhase;
			buildActionMask = 2147483647;
			files = (
				9FAF5EAC1B981EC500E762E4 /* ShopListViewController.swift in Sources */,
				9FAF5EAA1B981EC500E762E4 /* AppDelegate.swift in Sources */,
			);
			runOnlyForDeploymentPostprocessing = 0;
		};
		9FAF5EB51B981EC500E762E4 /* Sources */ = {
			isa = PBXSourcesBuildPhase;
			buildActionMask = 2147483647;
			files = (
				9FAF5EC01B981EC500E762E4 /* GourmetSearchTests.swift in Sources */,
			);
			runOnlyForDeploymentPostprocessing = 0;
		};
/* End PBXSourcesBuildPhase section */

/* Begin PBXTargetDependency section */
		9FAF5EBB1B981EC500E762E4 /* PBXTargetDependency */ = {
			isa = PBXTargetDependency;
			target = 9FAF5EA31B981EC500E762E4 /* GourmetSearch */;
			targetProxy = 9FAF5EBA1B981EC500E762E4 /* PBXContainerItemProxy */;
		};
/* End PBXTargetDependency section */

/* Begin PBXVariantGroup section */
		9FAF5EAD1B981EC500E762E4 /* Main.storyboard */ = {
			isa = PBXVariantGroup;
			children = (
				9FAF5EAE1B981EC500E762E4 /* Base */,
			);
			name = Main.storyboard;
			sourceTree = "<group>";
		};
		9FAF5EB21B981EC500E762E4 /* LaunchScreen.xib */ = {
			isa = PBXVariantGroup;
			children = (
				9FAF5EB31B981EC500E762E4 /* Base */,
				9FAF5ED11B9825A100E762E4 /* ja */,
			);
			name = LaunchScreen.xib;
			sourceTree = "<group>";
		};
/* End PBXVariantGroup section */

/* Begin XCBuildConfiguration section */
		9FAF5EC11B981EC500E762E4 /* Debug */ = {
			isa = XCBuildConfiguration;
			buildSettings = {
				ALWAYS_SEARCH_USER_PATHS = NO;
				CLANG_CXX_LANGUAGE_STANDARD = "gnu++0x";
				CLANG_CXX_LIBRARY = "libc++";
				CLANG_ENABLE_MODULES = YES;
				CLANG_ENABLE_OBJC_ARC = YES;
				CLANG_WARN_BOOL_CONVERSION = YES;
				CLANG_WARN_CONSTANT_CONVERSION = YES;
				CLANG_WARN_DIRECT_OBJC_ISA_USAGE = YES_ERROR;
				CLANG_WARN_EMPTY_BODY = YES;
				CLANG_WARN_ENUM_CONVERSION = YES;
				CLANG_WARN_INT_CONVERSION = YES;
				CLANG_WARN_OBJC_ROOT_CLASS = YES_ERROR;
				CLANG_WARN_UNREACHABLE_CODE = YES;
				CLANG_WARN__DUPLICATE_METHOD_MATCH = YES;
				"CODE_SIGN_IDENTITY[sdk=iphoneos*]" = "iPhone Developer";
				COPY_PHASE_STRIP = NO;
				DEBUG_INFORMATION_FORMAT = "dwarf-with-dsym";
				ENABLE_STRICT_OBJC_MSGSEND = YES;
				GCC_C_LANGUAGE_STANDARD = gnu99;
				GCC_DYNAMIC_NO_PIC = NO;
				GCC_NO_COMMON_BLOCKS = YES;
				GCC_OPTIMIZATION_LEVEL = 0;
				GCC_PREPROCESSOR_DEFINITIONS = (
					"DEBUG=1",
					"$(inherited)",
				);
				GCC_SYMBOLS_PRIVATE_EXTERN = NO;
				GCC_WARN_64_TO_32_BIT_CONVERSION = YES;
				GCC_WARN_ABOUT_RETURN_TYPE = YES_ERROR;
				GCC_WARN_UNDECLARED_SELECTOR = YES;
				GCC_WARN_UNINITIALIZED_AUTOS = YES_AGGRESSIVE;
				GCC_WARN_UNUSED_FUNCTION = YES;
				GCC_WARN_UNUSED_VARIABLE = YES;
				IPHONEOS_DEPLOYMENT_TARGET = 8.0;
				MTL_ENABLE_DEBUG_INFO = YES;
				ONLY_ACTIVE_ARCH = YES;
				SDKROOT = iphoneos;
				SWIFT_OPTIMIZATION_LEVEL = "-Onone";
			};
			name = Debug;
		};
		9FAF5EC21B981EC500E762E4 /* Release */ = {
			isa = XCBuildConfiguration;
			buildSettings = {
				ALWAYS_SEARCH_USER_PATHS = NO;
				CLANG_CXX_LANGUAGE_STANDARD = "gnu++0x";
				CLANG_CXX_LIBRARY = "libc++";
				CLANG_ENABLE_MODULES = YES;
				CLANG_ENABLE_OBJC_ARC = YES;
				CLANG_WARN_BOOL_CONVERSION = YES;
				CLANG_WARN_CONSTANT_CONVERSION = YES;
				CLANG_WARN_DIRECT_OBJC_ISA_USAGE = YES_ERROR;
				CLANG_WARN_EMPTY_BODY = YES;
				CLANG_WARN_ENUM_CONVERSION = YES;
				CLANG_WARN_INT_CONVERSION = YES;
				CLANG_WARN_OBJC_ROOT_CLASS = YES_ERROR;
				CLANG_WARN_UNREACHABLE_CODE = YES;
				CLANG_WARN__DUPLICATE_METHOD_MATCH = YES;
				"CODE_SIGN_IDENTITY[sdk=iphoneos*]" = "iPhone Developer";
				COPY_PHASE_STRIP = NO;
				DEBUG_INFORMATION_FORMAT = "dwarf-with-dsym";
				ENABLE_NS_ASSERTIONS = NO;
				ENABLE_STRICT_OBJC_MSGSEND = YES;
				GCC_C_LANGUAGE_STANDARD = gnu99;
				GCC_NO_COMMON_BLOCKS = YES;
				GCC_WARN_64_TO_32_BIT_CONVERSION = YES;
				GCC_WARN_ABOUT_RETURN_TYPE = YES_ERROR;
				GCC_WARN_UNDECLARED_SELECTOR = YES;
				GCC_WARN_UNINITIALIZED_AUTOS = YES_AGGRESSIVE;
				GCC_WARN_UNUSED_FUNCTION = YES;
				GCC_WARN_UNUSED_VARIABLE = YES;
				IPHONEOS_DEPLOYMENT_TARGET = 8.0;
				MTL_ENABLE_DEBUG_INFO = NO;
				SDKROOT = iphoneos;
				VALIDATE_PRODUCT = YES;
			};
			name = Release;
		};
		9FAF5EC41B981EC500E762E4 /* Debug */ = {
			isa = XCBuildConfiguration;
			baseConfigurationReference = 0CA31EB82FB21F268B48A5EC /* Pods.debug.xcconfig */;
			buildSettings = {
				ASSETCATALOG_COMPILER_APPICON_NAME = AppIcon;
				CLANG_ENABLE_MODULES = YES;
				INFOPLIST_FILE = GourmetSearch/Info.plist;
				LD_RUNPATH_SEARCH_PATHS = "$(inherited) @executable_path/Frameworks";
				PRODUCT_NAME = "$(TARGET_NAME)";
				SWIFT_OBJC_BRIDGING_HEADER = "GourmetSearch-Bridging-Header.h";
				SWIFT_OPTIMIZATION_LEVEL = "-Onone";
			};
			name = Debug;
		};
		9FAF5EC51B981EC500E762E4 /* Release */ = {
			isa = XCBuildConfiguration;
			baseConfigurationReference = AA529CB74D2EE7799E073180 /* Pods.release.xcconfig */;
			buildSettings = {
				ASSETCATALOG_COMPILER_APPICON_NAME = AppIcon;
				CLANG_ENABLE_MODULES = YES;
				INFOPLIST_FILE = GourmetSearch/Info.plist;
				LD_RUNPATH_SEARCH_PATHS = "$(inherited) @executable_path/Frameworks";
				PRODUCT_NAME = "$(TARGET_NAME)";
				SWIFT_OBJC_BRIDGING_HEADER = "GourmetSearch-Bridging-Header.h";
			};
			name = Release;
		};
		9FAF5EC71B981EC500E762E4 /* Debug */ = {
			isa = XCBuildConfiguration;
			buildSettings = {
				BUNDLE_LOADER = "$(TEST_HOST)";
				CLANG_ENABLE_MODULES = YES;
				FRAMEWORK_SEARCH_PATHS = (
					"$(SDKROOT)/Developer/Library/Frameworks",
					"$(inherited)",
				);
				GCC_PREPROCESSOR_DEFINITIONS = (
					"DEBUG=1",
					"$(inherited)",
				);
				INFOPLIST_FILE = GourmetSearchTests/Info.plist;
				LD_RUNPATH_SEARCH_PATHS = "$(inherited) @executable_path/Frameworks @loader_path/Frameworks";
				PRODUCT_NAME = "$(TARGET_NAME)";
				SWIFT_OBJC_BRIDGING_HEADER = "GourmetSearchTests-Bridging-Header.h";
				SWIFT_OPTIMIZATION_LEVEL = "-Onone";
				TEST_HOST = "$(BUILT_PRODUCTS_DIR)/GourmetSearch.app/GourmetSearch";
			};
			name = Debug;
		};
		9FAF5EC81B981EC500E762E4 /* Release */ = {
			isa = XCBuildConfiguration;
			buildSettings = {
				BUNDLE_LOADER = "$(TEST_HOST)";
				CLANG_ENABLE_MODULES = YES;
				FRAMEWORK_SEARCH_PATHS = (
					"$(SDKROOT)/Developer/Library/Frameworks",
					"$(inherited)",
				);
				INFOPLIST_FILE = GourmetSearchTests/Info.plist;
				LD_RUNPATH_SEARCH_PATHS = "$(inherited) @executable_path/Frameworks @loader_path/Frameworks";
				PRODUCT_NAME = "$(TARGET_NAME)";
				SWIFT_OBJC_BRIDGING_HEADER = "GourmetSearchTests-Bridging-Header.h";
				TEST_HOST = "$(BUILT_PRODUCTS_DIR)/GourmetSearch.app/GourmetSearch";
			};
			name = Release;
		};
/* End XCBuildConfiguration section */

/* Begin XCConfigurationList section */
		9FAF5E9F1B981EC500E762E4 /* Build configuration list for PBXProject "GourmetSearch" */ = {
			isa = XCConfigurationList;
			buildConfigurations = (
				9FAF5EC11B981EC500E762E4 /* Debug */,
				9FAF5EC21B981EC500E762E4 /* Release */,
			);
			defaultConfigurationIsVisible = 0;
			defaultConfigurationName = Release;
		};
		9FAF5EC31B981EC500E762E4 /* Build configuration list for PBXNativeTarget "GourmetSearch" */ = {
			isa = XCConfigurationList;
			buildConfigurations = (
				9FAF5EC41B981EC500E762E4 /* Debug */,
				9FAF5EC51B981EC500E762E4 /* Release */,
			);
			defaultConfigurationIsVisible = 0;
			defaultConfigurationName = Release;
		};
		9FAF5EC61B981EC500E762E4 /* Build configuration list for PBXNativeTarget "GourmetSearchTests" */ = {
			isa = XCConfigurationList;
			buildConfigurations = (
				9FAF5EC71B981EC500E762E4 /* Debug */,
				9FAF5EC81B981EC500E762E4 /* Release */,
			);
			defaultConfigurationIsVisible = 0;
			defaultConfigurationName = Release;
		};
/* End XCConfigurationList section */
	};
	rootObject = 9FAF5E9C1B981EC500E762E4 /* Project object */;
}
